// !$*UTF8*$!
{
	archiveVersion = 1;
	classes = {
	};
	objectVersion = 44;
	objects = {

/* Begin PBXBuildFile section */
		1F0608A30E26EFCA0067AA39 /* lapi.c in Sources */ = {isa = PBXBuildFile; fileRef = 1F06086B0E26EFCA0067AA39 /* lapi.c */; };
		1F0608A40E26EFCA0067AA39 /* lauxlib.c in Sources */ = {isa = PBXBuildFile; fileRef = 1F06086D0E26EFCA0067AA39 /* lauxlib.c */; };
		1F0608A50E26EFCA0067AA39 /* lbaselib.c in Sources */ = {isa = PBXBuildFile; fileRef = 1F06086F0E26EFCA0067AA39 /* lbaselib.c */; };
		1F0608A60E26EFCA0067AA39 /* lcode.c in Sources */ = {isa = PBXBuildFile; fileRef = 1F0608700E26EFCA0067AA39 /* lcode.c */; };
		1F0608A70E26EFCA0067AA39 /* ldblib.c in Sources */ = {isa = PBXBuildFile; fileRef = 1F0608720E26EFCA0067AA39 /* ldblib.c */; };
		1F0608A80E26EFCA0067AA39 /* ldebug.c in Sources */ = {isa = PBXBuildFile; fileRef = 1F0608730E26EFCA0067AA39 /* ldebug.c */; };
		1F0608A90E26EFCA0067AA39 /* ldo.c in Sources */ = {isa = PBXBuildFile; fileRef = 1F0608750E26EFCA0067AA39 /* ldo.c */; };
		1F0608AA0E26EFCA0067AA39 /* ldump.c in Sources */ = {isa = PBXBuildFile; fileRef = 1F0608770E26EFCA0067AA39 /* ldump.c */; };
		1F0608AB0E26EFCA0067AA39 /* lfunc.c in Sources */ = {isa = PBXBuildFile; fileRef = 1F0608780E26EFCA0067AA39 /* lfunc.c */; };
		1F0608AC0E26EFCA0067AA39 /* lgc.c in Sources */ = {isa = PBXBuildFile; fileRef = 1F06087A0E26EFCA0067AA39 /* lgc.c */; };
		1F0608AE0E26EFCA0067AA39 /* linit.c in Sources */ = {isa = PBXBuildFile; fileRef = 1F06087D0E26EFCA0067AA39 /* linit.c */; };
		1F0608AF0E26EFCA0067AA39 /* liolib.c in Sources */ = {isa = PBXBuildFile; fileRef = 1F06087E0E26EFCA0067AA39 /* liolib.c */; };
		1F0608B00E26EFCA0067AA39 /* llex.c in Sources */ = {isa = PBXBuildFile; fileRef = 1F06087F0E26EFCA0067AA39 /* llex.c */; };
		1F0608B10E26EFCA0067AA39 /* lmathlib.c in Sources */ = {isa = PBXBuildFile; fileRef = 1F0608820E26EFCA0067AA39 /* lmathlib.c */; };
		1F0608B20E26EFCA0067AA39 /* lmem.c in Sources */ = {isa = PBXBuildFile; fileRef = 1F0608830E26EFCA0067AA39 /* lmem.c */; };
		1F0608B30E26EFCA0067AA39 /* loadlib.c in Sources */ = {isa = PBXBuildFile; fileRef = 1F0608850E26EFCA0067AA39 /* loadlib.c */; };
		1F0608B40E26EFCA0067AA39 /* lobject.c in Sources */ = {isa = PBXBuildFile; fileRef = 1F0608860E26EFCA0067AA39 /* lobject.c */; };
		1F0608B50E26EFCA0067AA39 /* lopcodes.c in Sources */ = {isa = PBXBuildFile; fileRef = 1F0608880E26EFCA0067AA39 /* lopcodes.c */; };
		1F0608B60E26EFCA0067AA39 /* loslib.c in Sources */ = {isa = PBXBuildFile; fileRef = 1F06088A0E26EFCA0067AA39 /* loslib.c */; };
		1F0608B70E26EFCA0067AA39 /* lparser.c in Sources */ = {isa = PBXBuildFile; fileRef = 1F06088B0E26EFCA0067AA39 /* lparser.c */; };
		1F0608B80E26EFCA0067AA39 /* lstate.c in Sources */ = {isa = PBXBuildFile; fileRef = 1F06088D0E26EFCA0067AA39 /* lstate.c */; };
		1F0608B90E26EFCA0067AA39 /* lstring.c in Sources */ = {isa = PBXBuildFile; fileRef = 1F06088F0E26EFCA0067AA39 /* lstring.c */; };
		1F0608BA0E26EFCA0067AA39 /* lstrlib.c in Sources */ = {isa = PBXBuildFile; fileRef = 1F0608910E26EFCA0067AA39 /* lstrlib.c */; };
		1F0608BB0E26EFCA0067AA39 /* ltable.c in Sources */ = {isa = PBXBuildFile; fileRef = 1F0608920E26EFCA0067AA39 /* ltable.c */; };
		1F0608BC0E26EFCA0067AA39 /* ltablib.c in Sources */ = {isa = PBXBuildFile; fileRef = 1F0608940E26EFCA0067AA39 /* ltablib.c */; };
		1F0608BD0E26EFCA0067AA39 /* ltm.c in Sources */ = {isa = PBXBuildFile; fileRef = 1F0608950E26EFCA0067AA39 /* ltm.c */; };
		1F0608BE0E26EFCA0067AA39 /* lua.c in Sources */ = {isa = PBXBuildFile; fileRef = 1F0608970E26EFCA0067AA39 /* lua.c */; };
		1F0608C00E26EFCA0067AA39 /* lundump.c in Sources */ = {isa = PBXBuildFile; fileRef = 1F06089C0E26EFCA0067AA39 /* lundump.c */; };
		1F0608C10E26EFCA0067AA39 /* lvm.c in Sources */ = {isa = PBXBuildFile; fileRef = 1F06089E0E26EFCA0067AA39 /* lvm.c */; };
		1F0608C20E26EFCA0067AA39 /* lzio.c in Sources */ = {isa = PBXBuildFile; fileRef = 1F0608A00E26EFCA0067AA39 /* lzio.c */; };
		1F0608C30E26EFCA0067AA39 /* print.c in Sources */ = {isa = PBXBuildFile; fileRef = 1F0608A20E26EFCA0067AA39 /* print.c */; };
		8DD76FB00486AB0100D96B5E /* UGMEE_lua.1 in CopyFiles */ = {isa = PBXBuildFile; fileRef = C6A0FF2C0290799A04C91782 /* UGMEE_lua.1 */; };
/* End PBXBuildFile section */

/* Begin PBXCopyFilesBuildPhase section */
		8DD76FAF0486AB0100D96B5E /* CopyFiles */ = {
			isa = PBXCopyFilesBuildPhase;
			buildActionMask = 8;
			dstPath = /usr/share/man/man1/;
			dstSubfolderSpec = 0;
			files = (
				8DD76FB00486AB0100D96B5E /* UGMEE_lua.1 in CopyFiles */,
			);
			runOnlyForDeploymentPostprocessing = 1;
		};
/* End PBXCopyFilesBuildPhase section */

/* Begin PBXFileReference section */
		1F06086B0E26EFCA0067AA39 /* lapi.c */ = {isa = PBXFileReference; fileEncoding = 4; lastKnownFileType = sourcecode.c.c; path = lapi.c; sourceTree = "<group>"; };
		1F06086C0E26EFCA0067AA39 /* lapi.h */ = {isa = PBXFileReference; fileEncoding = 4; lastKnownFileType = sourcecode.c.h; path = lapi.h; sourceTree = "<group>"; };
		1F06086D0E26EFCA0067AA39 /* lauxlib.c */ = {isa = PBXFileReference; fileEncoding = 4; lastKnownFileType = sourcecode.c.c; path = lauxlib.c; sourceTree = "<group>"; };
		1F06086E0E26EFCA0067AA39 /* lauxlib.h */ = {isa = PBXFileReference; fileEncoding = 4; lastKnownFileType = sourcecode.c.h; path = lauxlib.h; sourceTree = "<group>"; };
		1F06086F0E26EFCA0067AA39 /* lbaselib.c */ = {isa = PBXFileReference; fileEncoding = 4; lastKnownFileType = sourcecode.c.c; path = lbaselib.c; sourceTree = "<group>"; };
		1F0608700E26EFCA0067AA39 /* lcode.c */ = {isa = PBXFileReference; fileEncoding = 4; lastKnownFileType = sourcecode.c.c; path = lcode.c; sourceTree = "<group>"; };
		1F0608710E26EFCA0067AA39 /* lcode.h */ = {isa = PBXFileReference; fileEncoding = 4; lastKnownFileType = sourcecode.c.h; path = lcode.h; sourceTree = "<group>"; };
		1F0608720E26EFCA0067AA39 /* ldblib.c */ = {isa = PBXFileReference; fileEncoding = 4; lastKnownFileType = sourcecode.c.c; path = ldblib.c; sourceTree = "<group>"; };
		1F0608730E26EFCA0067AA39 /* ldebug.c */ = {isa = PBXFileReference; fileEncoding = 4; lastKnownFileType = sourcecode.c.c; path = ldebug.c; sourceTree = "<group>"; };
		1F0608740E26EFCA0067AA39 /* ldebug.h */ = {isa = PBXFileReference; fileEncoding = 4; lastKnownFileType = sourcecode.c.h; path = ldebug.h; sourceTree = "<group>"; };
		1F0608750E26EFCA0067AA39 /* ldo.c */ = {isa = PBXFileReference; fileEncoding = 4; lastKnownFileType = sourcecode.c.c; path = ldo.c; sourceTree = "<group>"; };
		1F0608760E26EFCA0067AA39 /* ldo.h */ = {isa = PBXFileReference; fileEncoding = 4; lastKnownFileType = sourcecode.c.h; path = ldo.h; sourceTree = "<group>"; };
		1F0608770E26EFCA0067AA39 /* ldump.c */ = {isa = PBXFileReference; fileEncoding = 4; lastKnownFileType = sourcecode.c.c; path = ldump.c; sourceTree = "<group>"; };
		1F0608780E26EFCA0067AA39 /* lfunc.c */ = {isa = PBXFileReference; fileEncoding = 4; lastKnownFileType = sourcecode.c.c; path = lfunc.c; sourceTree = "<group>"; };
		1F0608790E26EFCA0067AA39 /* lfunc.h */ = {isa = PBXFileReference; fileEncoding = 4; lastKnownFileType = sourcecode.c.h; path = lfunc.h; sourceTree = "<group>"; };
		1F06087A0E26EFCA0067AA39 /* lgc.c */ = {isa = PBXFileReference; fileEncoding = 4; lastKnownFileType = sourcecode.c.c; path = lgc.c; sourceTree = "<group>"; };
		1F06087B0E26EFCA0067AA39 /* lgc.h */ = {isa = PBXFileReference; fileEncoding = 4; lastKnownFileType = sourcecode.c.h; path = lgc.h; sourceTree = "<group>"; };
		1F06087D0E26EFCA0067AA39 /* linit.c */ = {isa = PBXFileReference; fileEncoding = 4; lastKnownFileType = sourcecode.c.c; path = linit.c; sourceTree = "<group>"; };
		1F06087E0E26EFCA0067AA39 /* liolib.c */ = {isa = PBXFileReference; fileEncoding = 4; lastKnownFileType = sourcecode.c.c; path = liolib.c; sourceTree = "<group>"; };
		1F06087F0E26EFCA0067AA39 /* llex.c */ = {isa = PBXFileReference; fileEncoding = 4; lastKnownFileType = sourcecode.c.c; path = llex.c; sourceTree = "<group>"; };
		1F0608800E26EFCA0067AA39 /* llex.h */ = {isa = PBXFileReference; fileEncoding = 4; lastKnownFileType = sourcecode.c.h; path = llex.h; sourceTree = "<group>"; };
		1F0608810E26EFCA0067AA39 /* llimits.h */ = {isa = PBXFileReference; fileEncoding = 4; lastKnownFileType = sourcecode.c.h; path = llimits.h; sourceTree = "<group>"; };
		1F0608820E26EFCA0067AA39 /* lmathlib.c */ = {isa = PBXFileReference; fileEncoding = 4; lastKnownFileType = sourcecode.c.c; path = lmathlib.c; sourceTree = "<group>"; };
		1F0608830E26EFCA0067AA39 /* lmem.c */ = {isa = PBXFileReference; fileEncoding = 4; lastKnownFileType = sourcecode.c.c; path = lmem.c; sourceTree = "<group>"; };
		1F0608840E26EFCA0067AA39 /* lmem.h */ = {isa = PBXFileReference; fileEncoding = 4; lastKnownFileType = sourcecode.c.h; path = lmem.h; sourceTree = "<group>"; };
		1F0608850E26EFCA0067AA39 /* loadlib.c */ = {isa = PBXFileReference; fileEncoding = 4; lastKnownFileType = sourcecode.c.c; path = loadlib.c; sourceTree = "<group>"; };
		1F0608860E26EFCA0067AA39 /* lobject.c */ = {isa = PBXFileReference; fileEncoding = 4; lastKnownFileType = sourcecode.c.c; path = lobject.c; sourceTree = "<group>"; };
		1F0608870E26EFCA0067AA39 /* lobject.h */ = {isa = PBXFileReference; fileEncoding = 4; lastKnownFileType = sourcecode.c.h; path = lobject.h; sourceTree = "<group>"; };
		1F0608880E26EFCA0067AA39 /* lopcodes.c */ = {isa = PBXFileReference; fileEncoding = 4; lastKnownFileType = sourcecode.c.c; path = lopcodes.c; sourceTree = "<group>"; };
		1F0608890E26EFCA0067AA39 /* lopcodes.h */ = {isa = PBXFileReference; fileEncoding = 4; lastKnownFileType = sourcecode.c.h; path = lopcodes.h; sourceTree = "<group>"; };
		1F06088A0E26EFCA0067AA39 /* loslib.c */ = {isa = PBXFileReference; fileEncoding = 4; lastKnownFileType = sourcecode.c.c; path = loslib.c; sourceTree = "<group>"; };
		1F06088B0E26EFCA0067AA39 /* lparser.c */ = {isa = PBXFileReference; fileEncoding = 4; lastKnownFileType = sourcecode.c.c; path = lparser.c; sourceTree = "<group>"; };
		1F06088C0E26EFCA0067AA39 /* lparser.h */ = {isa = PBXFileReference; fileEncoding = 4; lastKnownFileType = sourcecode.c.h; path = lparser.h; sourceTree = "<group>"; };
		1F06088D0E26EFCA0067AA39 /* lstate.c */ = {isa = PBXFileReference; fileEncoding = 4; lastKnownFileType = sourcecode.c.c; path = lstate.c; sourceTree = "<group>"; };
		1F06088E0E26EFCA0067AA39 /* lstate.h */ = {isa = PBXFileReference; fileEncoding = 4; lastKnownFileType = sourcecode.c.h; path = lstate.h; sourceTree = "<group>"; };
		1F06088F0E26EFCA0067AA39 /* lstring.c */ = {isa = PBXFileReference; fileEncoding = 4; lastKnownFileType = sourcecode.c.c; path = lstring.c; sourceTree = "<group>"; };
		1F0608900E26EFCA0067AA39 /* lstring.h */ = {isa = PBXFileReference; fileEncoding = 4; lastKnownFileType = sourcecode.c.h; path = lstring.h; sourceTree = "<group>"; };
		1F0608910E26EFCA0067AA39 /* lstrlib.c */ = {isa = PBXFileReference; fileEncoding = 4; lastKnownFileType = sourcecode.c.c; path = lstrlib.c; sourceTree = "<group>"; };
		1F0608920E26EFCA0067AA39 /* ltable.c */ = {isa = PBXFileReference; fileEncoding = 4; lastKnownFileType = sourcecode.c.c; path = ltable.c; sourceTree = "<group>"; };
		1F0608930E26EFCA0067AA39 /* ltable.h */ = {isa = PBXFileReference; fileEncoding = 4; lastKnownFileType = sourcecode.c.h; path = ltable.h; sourceTree = "<group>"; };
		1F0608940E26EFCA0067AA39 /* ltablib.c */ = {isa = PBXFileReference; fileEncoding = 4; lastKnownFileType = sourcecode.c.c; path = ltablib.c; sourceTree = "<group>"; };
		1F0608950E26EFCA0067AA39 /* ltm.c */ = {isa = PBXFileReference; fileEncoding = 4; lastKnownFileType = sourcecode.c.c; path = ltm.c; sourceTree = "<group>"; };
		1F0608960E26EFCA0067AA39 /* ltm.h */ = {isa = PBXFileReference; fileEncoding = 4; lastKnownFileType = sourcecode.c.h; path = ltm.h; sourceTree = "<group>"; };
		1F0608970E26EFCA0067AA39 /* lua.c */ = {isa = PBXFileReference; fileEncoding = 4; lastKnownFileType = sourcecode.c.c; path = lua.c; sourceTree = "<group>"; };
		1F0608980E26EFCA0067AA39 /* lua.h */ = {isa = PBXFileReference; fileEncoding = 4; lastKnownFileType = sourcecode.c.h; path = lua.h; sourceTree = "<group>"; };
		1F06089A0E26EFCA0067AA39 /* luaconf.h */ = {isa = PBXFileReference; fileEncoding = 4; lastKnownFileType = sourcecode.c.h; path = luaconf.h; sourceTree = "<group>"; };
		1F06089B0E26EFCA0067AA39 /* lualib.h */ = {isa = PBXFileReference; fileEncoding = 4; lastKnownFileType = sourcecode.c.h; path = lualib.h; sourceTree = "<group>"; };
		1F06089C0E26EFCA0067AA39 /* lundump.c */ = {isa = PBXFileReference; fileEncoding = 4; lastKnownFileType = sourcecode.c.c; path = lundump.c; sourceTree = "<group>"; };
		1F06089D0E26EFCA0067AA39 /* lundump.h */ = {isa = PBXFileReference; fileEncoding = 4; lastKnownFileType = sourcecode.c.h; path = lundump.h; sourceTree = "<group>"; };
		1F06089E0E26EFCA0067AA39 /* lvm.c */ = {isa = PBXFileReference; fileEncoding = 4; lastKnownFileType = sourcecode.c.c; path = lvm.c; sourceTree = "<group>"; };
		1F06089F0E26EFCA0067AA39 /* lvm.h */ = {isa = PBXFileReference; fileEncoding = 4; lastKnownFileType = sourcecode.c.h; path = lvm.h; sourceTree = "<group>"; };
		1F0608A00E26EFCA0067AA39 /* lzio.c */ = {isa = PBXFileReference; fileEncoding = 4; lastKnownFileType = sourcecode.c.c; path = lzio.c; sourceTree = "<group>"; };
		1F0608A10E26EFCA0067AA39 /* lzio.h */ = {isa = PBXFileReference; fileEncoding = 4; lastKnownFileType = sourcecode.c.h; path = lzio.h; sourceTree = "<group>"; };
		1F0608A20E26EFCA0067AA39 /* print.c */ = {isa = PBXFileReference; fileEncoding = 4; lastKnownFileType = sourcecode.c.c; path = print.c; sourceTree = "<group>"; };
		8DD76FB20486AB0100D96B5E /* UGMEE_lua */ = {isa = PBXFileReference; explicitFileType = "compiled.mach-o.executable"; includeInIndex = 0; path = UGMEE_lua; sourceTree = BUILT_PRODUCTS_DIR; };
		C6A0FF2C0290799A04C91782 /* UGMEE_lua.1 */ = {isa = PBXFileReference; lastKnownFileType = text.man; path = UGMEE_lua.1; sourceTree = "<group>"; };
/* End PBXFileReference section */

/* Begin PBXFrameworksBuildPhase section */
		8DD76FAD0486AB0100D96B5E /* Frameworks */ = {
			isa = PBXFrameworksBuildPhase;
			buildActionMask = 2147483647;
			files = (
			);
			runOnlyForDeploymentPostprocessing = 0;
		};
/* End PBXFrameworksBuildPhase section */

/* Begin PBXGroup section */
		08FB7794FE84155DC02AAC07 /* UGMEE_lua */ = {
			isa = PBXGroup;
			children = (
				08FB7795FE84155DC02AAC07 /* Source */,
				C6A0FF2B0290797F04C91782 /* Documentation */,
				1AB674ADFE9D54B511CA2CBB /* Products */,
			);
			name = UGMEE_lua;
			sourceTree = "<group>";
		};
		08FB7795FE84155DC02AAC07 /* Source */ = {
			isa = PBXGroup;
			children = (
				1F06086B0E26EFCA0067AA39 /* lapi.c */,
				1F06086C0E26EFCA0067AA39 /* lapi.h */,
				1F06086D0E26EFCA0067AA39 /* lauxlib.c */,
				1F06086E0E26EFCA0067AA39 /* lauxlib.h */,
				1F06086F0E26EFCA0067AA39 /* lbaselib.c */,
				1F0608700E26EFCA0067AA39 /* lcode.c */,
				1F0608710E26EFCA0067AA39 /* lcode.h */,
				1F0608720E26EFCA0067AA39 /* ldblib.c */,
				1F0608730E26EFCA0067AA39 /* ldebug.c */,
				1F0608740E26EFCA0067AA39 /* ldebug.h */,
				1F0608750E26EFCA0067AA39 /* ldo.c */,
				1F0608760E26EFCA0067AA39 /* ldo.h */,
				1F0608770E26EFCA0067AA39 /* ldump.c */,
				1F0608780E26EFCA0067AA39 /* lfunc.c */,
				1F0608790E26EFCA0067AA39 /* lfunc.h */,
				1F06087A0E26EFCA0067AA39 /* lgc.c */,
				1F06087B0E26EFCA0067AA39 /* lgc.h */,
				1F06087D0E26EFCA0067AA39 /* linit.c */,
				1F06087E0E26EFCA0067AA39 /* liolib.c */,
				1F06087F0E26EFCA0067AA39 /* llex.c */,
				1F0608800E26EFCA0067AA39 /* llex.h */,
				1F0608810E26EFCA0067AA39 /* llimits.h */,
				1F0608820E26EFCA0067AA39 /* lmathlib.c */,
				1F0608830E26EFCA0067AA39 /* lmem.c */,
				1F0608840E26EFCA0067AA39 /* lmem.h */,
				1F0608850E26EFCA0067AA39 /* loadlib.c */,
				1F0608860E26EFCA0067AA39 /* lobject.c */,
				1F0608870E26EFCA0067AA39 /* lobject.h */,
				1F0608880E26EFCA0067AA39 /* lopcodes.c */,
				1F0608890E26EFCA0067AA39 /* lopcodes.h */,
				1F06088A0E26EFCA0067AA39 /* loslib.c */,
				1F06088B0E26EFCA0067AA39 /* lparser.c */,
				1F06088C0E26EFCA0067AA39 /* lparser.h */,
				1F06088D0E26EFCA0067AA39 /* lstate.c */,
				1F06088E0E26EFCA0067AA39 /* lstate.h */,
				1F06088F0E26EFCA0067AA39 /* lstring.c */,
				1F0608900E26EFCA0067AA39 /* lstring.h */,
				1F0608910E26EFCA0067AA39 /* lstrlib.c */,
				1F0608920E26EFCA0067AA39 /* ltable.c */,
				1F0608930E26EFCA0067AA39 /* ltable.h */,
				1F0608940E26EFCA0067AA39 /* ltablib.c */,
				1F0608950E26EFCA0067AA39 /* ltm.c */,
				1F0608960E26EFCA0067AA39 /* ltm.h */,
				1F0608970E26EFCA0067AA39 /* lua.c */,
				1F0608980E26EFCA0067AA39 /* lua.h */,
				1F06089A0E26EFCA0067AA39 /* luaconf.h */,
				1F06089B0E26EFCA0067AA39 /* lualib.h */,
				1F06089C0E26EFCA0067AA39 /* lundump.c */,
				1F06089D0E26EFCA0067AA39 /* lundump.h */,
				1F06089E0E26EFCA0067AA39 /* lvm.c */,
				1F06089F0E26EFCA0067AA39 /* lvm.h */,
				1F0608A00E26EFCA0067AA39 /* lzio.c */,
				1F0608A10E26EFCA0067AA39 /* lzio.h */,
				1F0608A20E26EFCA0067AA39 /* print.c */,
			);
			name = Source;
			sourceTree = "<group>";
		};
		1AB674ADFE9D54B511CA2CBB /* Products */ = {
			isa = PBXGroup;
			children = (
				8DD76FB20486AB0100D96B5E /* UGMEE_lua */,
			);
			name = Products;
			sourceTree = "<group>";
		};
		C6A0FF2B0290797F04C91782 /* Documentation */ = {
			isa = PBXGroup;
			children = (
				C6A0FF2C0290799A04C91782 /* UGMEE_lua.1 */,
			);
			name = Documentation;
			sourceTree = "<group>";
		};
/* End PBXGroup section */

/* Begin PBXNativeTarget section */
		8DD76FA90486AB0100D96B5E /* UGMEE_lua */ = {
			isa = PBXNativeTarget;
			buildConfigurationList = 1DEB928508733DD80010E9CD /* Build configuration list for PBXNativeTarget "UGMEE_lua" */;
			buildPhases = (
				8DD76FAB0486AB0100D96B5E /* Sources */,
				8DD76FAD0486AB0100D96B5E /* Frameworks */,
				8DD76FAF0486AB0100D96B5E /* CopyFiles */,
			);
			buildRules = (
			);
			dependencies = (
			);
			name = UGMEE_lua;
			productInstallPath = "$(HOME)/bin";
			productName = UGMEE_lua;
			productReference = 8DD76FB20486AB0100D96B5E /* UGMEE_lua */;
			productType = "com.apple.product-type.tool";
		};
/* End PBXNativeTarget section */

/* Begin PBXProject section */
		08FB7793FE84155DC02AAC07 /* Project object */ = {
			isa = PBXProject;
			buildConfigurationList = 1DEB928908733DD80010E9CD /* Build configuration list for PBXProject "UGMEE_lua" */;
			compatibilityVersion = "Xcode 3.0";
			hasScannedForEncodings = 1;
			mainGroup = 08FB7794FE84155DC02AAC07 /* UGMEE_lua */;
			projectDirPath = "";
			projectRoot = "";
			targets = (
				8DD76FA90486AB0100D96B5E /* UGMEE_lua */,
			);
		};
/* End PBXProject section */

/* Begin PBXSourcesBuildPhase section */
		8DD76FAB0486AB0100D96B5E /* Sources */ = {
			isa = PBXSourcesBuildPhase;
			buildActionMask = 2147483647;
			files = (
				1F0608A30E26EFCA0067AA39 /* lapi.c in Sources */,
				1F0608A40E26EFCA0067AA39 /* lauxlib.c in Sources */,
				1F0608A50E26EFCA0067AA39 /* lbaselib.c in Sources */,
				1F0608A60E26EFCA0067AA39 /* lcode.c in Sources */,
				1F0608A70E26EFCA0067AA39 /* ldblib.c in Sources */,
				1F0608A80E26EFCA0067AA39 /* ldebug.c in Sources */,
				1F0608A90E26EFCA0067AA39 /* ldo.c in Sources */,
				1F0608AA0E26EFCA0067AA39 /* ldump.c in Sources */,
				1F0608AB0E26EFCA0067AA39 /* lfunc.c in Sources */,
				1F0608AC0E26EFCA0067AA39 /* lgc.c in Sources */,
				1F0608AE0E26EFCA0067AA39 /* linit.c in Sources */,
				1F0608AF0E26EFCA0067AA39 /* liolib.c in Sources */,
				1F0608B00E26EFCA0067AA39 /* llex.c in Sources */,
				1F0608B10E26EFCA0067AA39 /* lmathlib.c in Sources */,
				1F0608B20E26EFCA0067AA39 /* lmem.c in Sources */,
				1F0608B30E26EFCA0067AA39 /* loadlib.c in Sources */,
				1F0608B40E26EFCA0067AA39 /* lobject.c in Sources */,
				1F0608B50E26EFCA0067AA39 /* lopcodes.c in Sources */,
				1F0608B60E26EFCA0067AA39 /* loslib.c in Sources */,
				1F0608B70E26EFCA0067AA39 /* lparser.c in Sources */,
				1F0608B80E26EFCA0067AA39 /* lstate.c in Sources */,
				1F0608B90E26EFCA0067AA39 /* lstring.c in Sources */,
				1F0608BA0E26EFCA0067AA39 /* lstrlib.c in Sources */,
				1F0608BB0E26EFCA0067AA39 /* ltable.c in Sources */,
				1F0608BC0E26EFCA0067AA39 /* ltablib.c in Sources */,
				1F0608BD0E26EFCA0067AA39 /* ltm.c in Sources */,
				1F0608BE0E26EFCA0067AA39 /* lua.c in Sources */,
				1F0608C00E26EFCA0067AA39 /* lundump.c in Sources */,
				1F0608C10E26EFCA0067AA39 /* lvm.c in Sources */,
				1F0608C20E26EFCA0067AA39 /* lzio.c in Sources */,
				1F0608C30E26EFCA0067AA39 /* print.c in Sources */,
			);
			runOnlyForDeploymentPostprocessing = 0;
		};
/* End PBXSourcesBuildPhase section */

/* Begin XCBuildConfiguration section */
		1DEB928608733DD80010E9CD /* Debug */ = {
			isa = XCBuildConfiguration;
			buildSettings = {
				COPY_PHASE_STRIP = NO;
				GCC_DYNAMIC_NO_PIC = NO;
				GCC_ENABLE_FIX_AND_CONTINUE = YES;
				GCC_MODEL_TUNING = G5;
				GCC_OPTIMIZATION_LEVEL = 0;
				INSTALL_PATH = /usr/local/bin;
				LIBRARY_SEARCH_PATHS = (
					"$(inherited)",
					"\"$(SRCROOT)\"",
				);
				PRODUCT_NAME = UGMEE_lua;
				ZERO_LINK = YES;
			};
			name = Debug;
		};
		1DEB928708733DD80010E9CD /* Release */ = {
			isa = XCBuildConfiguration;
			buildSettings = {
				DEBUG_INFORMATION_FORMAT = "dwarf-with-dsym";
				GCC_MODEL_TUNING = G5;
				INSTALL_PATH = /usr/local/bin;
				LIBRARY_SEARCH_PATHS = (
					"$(inherited)",
					"\"$(SRCROOT)\"",
				);
				PRODUCT_NAME = UGMEE_lua;
			};
			name = Release;
		};
		1DEB928A08733DD80010E9CD /* Debug */ = {
			isa = XCBuildConfiguration;
			buildSettings = {
				GCC_WARN_ABOUT_RETURN_TYPE = YES;
				GCC_WARN_UNUSED_VARIABLE = YES;
				PREBINDING = NO;
				SDKROOT = "$(DEVELOPER_SDK_DIR)/MacOSX10.5.sdk";
			};
			name = Debug;
		};
		1DEB928B08733DD80010E9CD /* Release */ = {
			isa = XCBuildConfiguration;
			buildSettings = {
				ARCHS = (
					ppc,
					i386,
				);
				GCC_WARN_ABOUT_RETURN_TYPE = YES;
				GCC_WARN_UNUSED_VARIABLE = YES;
				PREBINDING = NO;
				SDKROOT = "$(DEVELOPER_SDK_DIR)/MacOSX10.5.sdk";
			};
			name = Release;
		};
/* End XCBuildConfiguration section */

/* Begin XCConfigurationList section */
		1DEB928508733DD80010E9CD /* Build configuration list for PBXNativeTarget "UGMEE_lua" */ = {
			isa = XCConfigurationList;
			buildConfigurations = (
				1DEB928608733DD80010E9CD /* Debug */,
				1DEB928708733DD80010E9CD /* Release */,
			);
			defaultConfigurationIsVisible = 0;
			defaultConfigurationName = Release;
		};
		1DEB928908733DD80010E9CD /* Build configuration list for PBXProject "UGMEE_lua" */ = {
			isa = XCConfigurationList;
			buildConfigurations = (
				1DEB928A08733DD80010E9CD /* Debug */,
				1DEB928B08733DD80010E9CD /* Release */,
			);
			defaultConfigurationIsVisible = 0;
			defaultConfigurationName = Release;
		};
/* End XCConfigurationList section */
	};
	rootObject = 08FB7793FE84155DC02AAC07 /* Project object */;
}
